
Microsoft Visual Studio Solution File, Format Version 12.00
# Visual Studio Version 16
VisualStudioVersion = 16.0.30907.101
MinimumVisualStudioVersion = 10.0.40219.1
Project("{FAE04EC0-301F-11D3-BF4B-00C04F79EFBC}") = "WebZstone", "WebZstone.csproj", "{8D162976-813C-40D7-866A-97EF7ACD82AB}"
EndProject
Global
	GlobalSection(SolutionConfigurationPlatforms) = preSolution
		Debug|Any CPU = Debug|Any CPU
		Release|Any CPU = Release|Any CPU
	EndGlobalSection
	GlobalSection(ProjectConfigurationPlatforms) = postSolution
		{8D162976-813C-40D7-866A-97EF7ACD82AB}.Debug|Any CPU.ActiveCfg = Debug|Any CPU
		{8D162976-813C-40D7-866A-97EF7ACD82AB}.Debug|Any CPU.Build.0 = Debug|Any CPU
		{8D162976-813C-40D7-866A-97EF7ACD82AB}.Release|Any CPU.ActiveCfg = Release|Any CPU
		{8D162976-813C-40D7-866A-97EF7ACD82AB}.Release|Any CPU.Build.0 = Release|Any CPU
	EndGlobalSection
	GlobalSection(SolutionProperties) = preSolution
		HideSolutionNode = FALSE
	EndGlobalSection
	GlobalSection(ExtensibilityGlobals) = postSolution
		SolutionGuid = {311AA174-7DCA-475A-A022-18AE2F0627DA}
	EndGlobalSection
EndGlobal
